
Microsoft Visual Studio Solution File, Format Version 12.00
# Visual Studio Version 16
VisualStudioVersion = 16.0.29503.13
MinimumVisualStudioVersion = 10.0.40219.1
Project("{FAE04EC0-301F-11D3-BF4B-00C04F79EFBC}") = "homework1", "homework\homework1.csproj", "{A88B0D46-F13F-45F0-A2DF-C53DC9CAB0C6}"
EndProject
Project("{FAE04EC0-301F-11D3-BF4B-00C04F79EFBC}") = "homework2", "homework2\homework2.csproj", "{8B32F49B-93B7-4D6C-B372-06927D52E1E4}"
EndProject
Global
	GlobalSection(SolutionConfigurationPlatforms) = preSolution
		Debug|Any CPU = Debug|Any CPU
		Release|Any CPU = Release|Any CPU
	EndGlobalSection
	GlobalSection(ProjectConfigurationPlatforms) = postSolution
		{A88B0D46-F13F-45F0-A2DF-C53DC9CAB0C6}.Debug|Any CPU.ActiveCfg = Debug|Any CPU
		{A88B0D46-F13F-45F0-A2DF-C53DC9CAB0C6}.Debug|Any CPU.Build.0 = Debug|Any CPU
		{A88B0D46-F13F-45F0-A2DF-C53DC9CAB0C6}.Release|Any CPU.ActiveCfg = Release|Any CPU
		{A88B0D46-F13F-45F0-A2DF-C53DC9CAB0C6}.Release|Any CPU.Build.0 = Release|Any CPU
		{8B32F49B-93B7-4D6C-B372-06927D52E1E4}.Debug|Any CPU.ActiveCfg = Debug|Any CPU
		{8B32F49B-93B7-4D6C-B372-06927D52E1E4}.Debug|Any CPU.Build.0 = Debug|Any CPU
		{8B32F49B-93B7-4D6C-B372-06927D52E1E4}.Release|Any CPU.ActiveCfg = Release|Any CPU
		{8B32F49B-93B7-4D6C-B372-06927D52E1E4}.Release|Any CPU.Build.0 = Release|Any CPU
	EndGlobalSection
	GlobalSection(SolutionProperties) = preSolution
		HideSolutionNode = FALSE
	EndGlobalSection
	GlobalSection(ExtensibilityGlobals) = postSolution
		SolutionGuid = {DF1B8C57-14E9-4310-A6FF-F68B50F65052}
	EndGlobalSection
EndGlobal
